version = 1
revision = 3
requires-python = ">=3.13"

[[package]]
name = "pyspellchecker"
version = "0.8.3"
source = { registry = "https://pypi.org/simple" }
sdist = { url = "https://files.pythonhosted.org/packages/0f/f9/8a329c7bea910204aeb78a879141a9cf6b4252098c87974f54b26985959e/pyspellchecker-0.8.3.tar.gz", hash = "sha256:cb06eeafe124837f321e0d02f8e21deab713e966e28e0360319a28a089c43978", size = 7238621, upload-time = "2025-05-19T00:53:23.747Z" }
wheels = [
    { url = "https://files.pythonhosted.org/packages/94/95/f0ee873c7ff455f2ef16a58320954ed6c6f8d30d59c8c781154deb398bd8/pyspellchecker-0.8.3-py3-none-any.whl", hash = "sha256:e993076e98b0da5a99b7cc31085c3022c77a9dc37c5e95f5cf6304b5dbb8b9d2", size = 7236810, upload-time = "2025-05-19T00:53:21.785Z" },
]

[[package]]
name = "wordle"
version = "0.1.0"
source = { virtual = "." }
dependencies = [
    { name = "pyspellchecker" },
]

[package.metadata]
requires-dist = [{ name = "pyspellchecker", specifier = ">=0.8.3" }]
